
Microsoft Visual Studio Solution File, Format Version 12.00
# Visual Studio 15
#
# This file was generated by MPC.  Any changes made directly to
# this file will be lost the next time it is generated.
#
# MPC Command:
# D:\openDDS\ACE_wrappers\MPC\mwc.pl -type vs2017
Project("{8BC9CEB8-8B4A-11D0-8D11-00A0C91BC942}") = "Instruction_Publisher", "Instruction_Publisher.vcxproj", "{107A0779-FECA-1BAD-4008-BF570000002E}"
	ProjectSection(ProjectDependencies) = postProject
		{50BBFCD1-FECA-1BAD-4008-BF570000002E} = {50BBFCD1-FECA-1BAD-4008-BF570000002E}
	EndProjectSection
EndProject
Project("{8BC9CEB8-8B4A-11D0-8D11-00A0C91BC942}") = "Instruction_Subscriber", "Instruction_Subscriber.vcxproj", "{03F05BFB-FECA-1BAD-4008-BF570000002E}"
	ProjectSection(ProjectDependencies) = postProject
		{50BBFCD1-FECA-1BAD-4008-BF570000002E} = {50BBFCD1-FECA-1BAD-4008-BF570000002E}
	EndProjectSection
EndProject
Project("{8BC9CEB8-8B4A-11D0-8D11-00A0C91BC942}") = "Instruction_Subscriber2", "Instruction_Subscriber2.vcxproj", "{24F485DA-FECA-1BAD-4008-BF570000002E}"
	ProjectSection(ProjectDependencies) = postProject
		{50BBFCD1-FECA-1BAD-4008-BF570000002E} = {50BBFCD1-FECA-1BAD-4008-BF570000002E}
	EndProjectSection
EndProject
Project("{8BC9CEB8-8B4A-11D0-8D11-00A0C91BC942}") = "instruction_idl", "instruction_idl.vcxproj", "{50BBFCD1-FECA-1BAD-4008-BF570000002E}"
EndProject
Global
	GlobalSection(SolutionConfigurationPlatforms) = preSolution
		Debug|Win32 = Debug|Win32
		Debug|x64 = Debug|x64
		Release|Win32 = Release|Win32
		Release|x64 = Release|x64
	EndGlobalSection
	GlobalSection(ProjectConfigurationPlatforms) = postSolution
		{107A0779-FECA-1BAD-4008-BF570000002E}.Debug|Win32.ActiveCfg = Debug|Win32
		{107A0779-FECA-1BAD-4008-BF570000002E}.Debug|Win32.Build.0 = Debug|Win32
		{107A0779-FECA-1BAD-4008-BF570000002E}.Debug|x64.ActiveCfg = Debug|x64
		{107A0779-FECA-1BAD-4008-BF570000002E}.Debug|x64.Build.0 = Debug|x64
		{107A0779-FECA-1BAD-4008-BF570000002E}.Release|Win32.ActiveCfg = Release|Win32
		{107A0779-FECA-1BAD-4008-BF570000002E}.Release|Win32.Build.0 = Release|Win32
		{107A0779-FECA-1BAD-4008-BF570000002E}.Release|x64.ActiveCfg = Release|x64
		{107A0779-FECA-1BAD-4008-BF570000002E}.Release|x64.Build.0 = Release|x64
		{03F05BFB-FECA-1BAD-4008-BF570000002E}.Debug|Win32.ActiveCfg = Debug|Win32
		{03F05BFB-FECA-1BAD-4008-BF570000002E}.Debug|Win32.Build.0 = Debug|Win32
		{03F05BFB-FECA-1BAD-4008-BF570000002E}.Debug|x64.ActiveCfg = Debug|x64
		{03F05BFB-FECA-1BAD-4008-BF570000002E}.Debug|x64.Build.0 = Debug|x64
		{03F05BFB-FECA-1BAD-4008-BF570000002E}.Release|Win32.ActiveCfg = Release|Win32
		{03F05BFB-FECA-1BAD-4008-BF570000002E}.Release|Win32.Build.0 = Release|Win32
		{03F05BFB-FECA-1BAD-4008-BF570000002E}.Release|x64.ActiveCfg = Release|x64
		{03F05BFB-FECA-1BAD-4008-BF570000002E}.Release|x64.Build.0 = Release|x64
		{24F485DA-FECA-1BAD-4008-BF570000002E}.Debug|Win32.ActiveCfg = Debug|Win32
		{24F485DA-FECA-1BAD-4008-BF570000002E}.Debug|Win32.Build.0 = Debug|Win32
		{24F485DA-FECA-1BAD-4008-BF570000002E}.Debug|x64.ActiveCfg = Debug|x64
		{24F485DA-FECA-1BAD-4008-BF570000002E}.Debug|x64.Build.0 = Debug|x64
		{24F485DA-FECA-1BAD-4008-BF570000002E}.Release|Win32.ActiveCfg = Release|Win32
		{24F485DA-FECA-1BAD-4008-BF570000002E}.Release|Win32.Build.0 = Release|Win32
		{24F485DA-FECA-1BAD-4008-BF570000002E}.Release|x64.ActiveCfg = Release|x64
		{24F485DA-FECA-1BAD-4008-BF570000002E}.Release|x64.Build.0 = Release|x64
		{50BBFCD1-FECA-1BAD-4008-BF570000002E}.Debug|Win32.ActiveCfg = Debug|Win32
		{50BBFCD1-FECA-1BAD-4008-BF570000002E}.Debug|Win32.Build.0 = Debug|Win32
		{50BBFCD1-FECA-1BAD-4008-BF570000002E}.Debug|x64.ActiveCfg = Debug|x64
		{50BBFCD1-FECA-1BAD-4008-BF570000002E}.Debug|x64.Build.0 = Debug|x64
		{50BBFCD1-FECA-1BAD-4008-BF570000002E}.Release|Win32.ActiveCfg = Release|Win32
		{50BBFCD1-FECA-1BAD-4008-BF570000002E}.Release|Win32.Build.0 = Release|Win32
		{50BBFCD1-FECA-1BAD-4008-BF570000002E}.Release|x64.ActiveCfg = Release|x64
		{50BBFCD1-FECA-1BAD-4008-BF570000002E}.Release|x64.Build.0 = Release|x64
	EndGlobalSection
	GlobalSection(SolutionProperties) = preSolution
		HideSolutionNode = FALSE
	EndGlobalSection
EndGlobal
